
Microsoft Visual Studio Solution File, Format Version 12.00
# Visual Studio Version 16
VisualStudioVersion = 16.0.30404.54
MinimumVisualStudioVersion = 10.0.40219.1
Project("{FAE04EC0-301F-11D3-BF4B-00C04F79EFBC}") = "RabbitTail", "RabbitTail\RabbitTail.csproj", "{D47D78FA-C9E2-48E3-BCBA-42B82ED6706F}"
EndProject
Global
	GlobalSection(SolutionConfigurationPlatforms) = preSolution
		Debug|Any CPU = Debug|Any CPU
		Release|Any CPU = Release|Any CPU
	EndGlobalSection
	GlobalSection(ProjectConfigurationPlatforms) = postSolution
		{D47D78FA-C9E2-48E3-BCBA-42B82ED6706F}.Debug|Any CPU.ActiveCfg = Debug|Any CPU
		{D47D78FA-C9E2-48E3-BCBA-42B82ED6706F}.Debug|Any CPU.Build.0 = Debug|Any CPU
		{D47D78FA-C9E2-48E3-BCBA-42B82ED6706F}.Release|Any CPU.ActiveCfg = Release|Any CPU
		{D47D78FA-C9E2-48E3-BCBA-42B82ED6706F}.Release|Any CPU.Build.0 = Release|Any CPU
	EndGlobalSection
	GlobalSection(SolutionProperties) = preSolution
		HideSolutionNode = FALSE
	EndGlobalSection
	GlobalSection(ExtensibilityGlobals) = postSolution
		SolutionGuid = {E983B687-CF99-4627-98B8-A535E8E0AAE1}
	EndGlobalSection
EndGlobal
